
Microsoft Visual Studio Solution File, Format Version 12.00
# Visual Studio 15
VisualStudioVersion = 15.0.26730.12
MinimumVisualStudioVersion = 10.0.40219.1
Project("{2150E333-8FDC-42A3-9474-1A3956D46DE8}") = "src", "src", "{130C1D8A-49AA-4E54-B5FE-44C0EB9E4989}"
EndProject
Project("{9A19103F-16F7-4668-BE54-9A1E7A4F7556}") = "Appscore.API", "Appscore.API\Appscore.API.csproj", "{A175365E-442E-4EFC-A258-DB2D2CFC6777}"
EndProject
Project("{E53339B2-1760-4266-BCC7-CA923CBCF16C}") = "docker-compose", "docker-compose.dcproj", "{BDDE0C4D-94CA-41F6-8F67-13E2A7C0D7DE}"
EndProject
Project("{9A19103F-16F7-4668-BE54-9A1E7A4F7556}") = "Appscore.Repository", "Appscore.Repository\Appscore.Repository.csproj", "{AA44DA8E-8B15-4219-A15D-46AEEC4055BA}"
EndProject
Project("{9A19103F-16F7-4668-BE54-9A1E7A4F7556}") = "Appscore.Entities", "Appscore.Entities\Appscore.Entities.csproj", "{8A6ADA04-0915-4E15-A38C-7F306158B427}"
EndProject
Project("{2150E333-8FDC-42A3-9474-1A3956D46DE8}") = "Solution Items", "Solution Items", "{213BF86C-B2E9-477C-8C0B-B7B7B1EFFAD4}"
	ProjectSection(SolutionItems) = preProject
		..\.gitignore = ..\.gitignore
		..\README.md = ..\README.md
	EndProjectSection
EndProject
Project("{2150E333-8FDC-42A3-9474-1A3956D46DE8}") = "00-Entities", "00-Entities", "{D507A3BA-096C-4950-8156-C60C4AB7FFA7}"
EndProject
Project("{2150E333-8FDC-42A3-9474-1A3956D46DE8}") = "05-Repository", "05-Repository", "{88495AF5-81AF-498C-B6C3-1E4E00A89F94}"
EndProject
Project("{2150E333-8FDC-42A3-9474-1A3956D46DE8}") = "10-API", "10-API", "{373EC652-6E7F-443F-A783-76B8F159BFF2}"
EndProject
Project("{2150E333-8FDC-42A3-9474-1A3956D46DE8}") = "tests", "tests", "{83370BA1-B727-4290-BFC1-0033A5049D30}"
EndProject
Project("{FAE04EC0-301F-11D3-BF4B-00C04F79EFBC}") = "Appscore.UnitTests", "Appscore.UnitTests\Appscore.UnitTests.csproj", "{164412C3-005D-4589-B818-649FFA2C100F}"
EndProject
Global
	GlobalSection(SolutionConfigurationPlatforms) = preSolution
		Debug|Any CPU = Debug|Any CPU
		Release|Any CPU = Release|Any CPU
	EndGlobalSection
	GlobalSection(ProjectConfigurationPlatforms) = postSolution
		{A175365E-442E-4EFC-A258-DB2D2CFC6777}.Debug|Any CPU.ActiveCfg = Debug|Any CPU
		{A175365E-442E-4EFC-A258-DB2D2CFC6777}.Debug|Any CPU.Build.0 = Debug|Any CPU
		{A175365E-442E-4EFC-A258-DB2D2CFC6777}.Release|Any CPU.ActiveCfg = Release|Any CPU
		{A175365E-442E-4EFC-A258-DB2D2CFC6777}.Release|Any CPU.Build.0 = Release|Any CPU
		{BDDE0C4D-94CA-41F6-8F67-13E2A7C0D7DE}.Debug|Any CPU.ActiveCfg = Debug|Any CPU
		{BDDE0C4D-94CA-41F6-8F67-13E2A7C0D7DE}.Debug|Any CPU.Build.0 = Debug|Any CPU
		{BDDE0C4D-94CA-41F6-8F67-13E2A7C0D7DE}.Release|Any CPU.ActiveCfg = Release|Any CPU
		{BDDE0C4D-94CA-41F6-8F67-13E2A7C0D7DE}.Release|Any CPU.Build.0 = Release|Any CPU
		{AA44DA8E-8B15-4219-A15D-46AEEC4055BA}.Debug|Any CPU.ActiveCfg = Debug|Any CPU
		{AA44DA8E-8B15-4219-A15D-46AEEC4055BA}.Debug|Any CPU.Build.0 = Debug|Any CPU
		{AA44DA8E-8B15-4219-A15D-46AEEC4055BA}.Release|Any CPU.ActiveCfg = Release|Any CPU
		{AA44DA8E-8B15-4219-A15D-46AEEC4055BA}.Release|Any CPU.Build.0 = Release|Any CPU
		{8A6ADA04-0915-4E15-A38C-7F306158B427}.Debug|Any CPU.ActiveCfg = Debug|Any CPU
		{8A6ADA04-0915-4E15-A38C-7F306158B427}.Debug|Any CPU.Build.0 = Debug|Any CPU
		{8A6ADA04-0915-4E15-A38C-7F306158B427}.Release|Any CPU.ActiveCfg = Release|Any CPU
		{8A6ADA04-0915-4E15-A38C-7F306158B427}.Release|Any CPU.Build.0 = Release|Any CPU
		{164412C3-005D-4589-B818-649FFA2C100F}.Debug|Any CPU.ActiveCfg = Debug|Any CPU
		{164412C3-005D-4589-B818-649FFA2C100F}.Debug|Any CPU.Build.0 = Debug|Any CPU
		{164412C3-005D-4589-B818-649FFA2C100F}.Release|Any CPU.ActiveCfg = Release|Any CPU
		{164412C3-005D-4589-B818-649FFA2C100F}.Release|Any CPU.Build.0 = Release|Any CPU
	EndGlobalSection
	GlobalSection(SolutionProperties) = preSolution
		HideSolutionNode = FALSE
	EndGlobalSection
	GlobalSection(NestedProjects) = preSolution
		{A175365E-442E-4EFC-A258-DB2D2CFC6777} = {373EC652-6E7F-443F-A783-76B8F159BFF2}
		{AA44DA8E-8B15-4219-A15D-46AEEC4055BA} = {88495AF5-81AF-498C-B6C3-1E4E00A89F94}
		{8A6ADA04-0915-4E15-A38C-7F306158B427} = {D507A3BA-096C-4950-8156-C60C4AB7FFA7}
		{D507A3BA-096C-4950-8156-C60C4AB7FFA7} = {130C1D8A-49AA-4E54-B5FE-44C0EB9E4989}
		{88495AF5-81AF-498C-B6C3-1E4E00A89F94} = {130C1D8A-49AA-4E54-B5FE-44C0EB9E4989}
		{373EC652-6E7F-443F-A783-76B8F159BFF2} = {130C1D8A-49AA-4E54-B5FE-44C0EB9E4989}
		{164412C3-005D-4589-B818-649FFA2C100F} = {83370BA1-B727-4290-BFC1-0033A5049D30}
	EndGlobalSection
	GlobalSection(ExtensibilityGlobals) = postSolution
		SolutionGuid = {97391F3F-CCD8-4DE6-BE0E-9051131D011B}
	EndGlobalSection
EndGlobal
